
Microsoft Visual Studio Solution File, Format Version 12.00
# Visual Studio Version 16
VisualStudioVersion = 16.0.31402.337
MinimumVisualStudioVersion = 10.0.40219.1
Project("{FAE04EC0-301F-11D3-BF4B-00C04F79EFBC}") = "PoolPuzzle", "PoolPuzzle\PoolPuzzle.csproj", "{731242A8-CFEC-4D19-B0A0-84F8795AA2DD}"
EndProject
Global
	GlobalSection(SolutionConfigurationPlatforms) = preSolution
		Debug|Any CPU = Debug|Any CPU
		Release|Any CPU = Release|Any CPU
	EndGlobalSection
	GlobalSection(ProjectConfigurationPlatforms) = postSolution
		{731242A8-CFEC-4D19-B0A0-84F8795AA2DD}.Debug|Any CPU.ActiveCfg = Debug|Any CPU
		{731242A8-CFEC-4D19-B0A0-84F8795AA2DD}.Debug|Any CPU.Build.0 = Debug|Any CPU
		{731242A8-CFEC-4D19-B0A0-84F8795AA2DD}.Release|Any CPU.ActiveCfg = Release|Any CPU
		{731242A8-CFEC-4D19-B0A0-84F8795AA2DD}.Release|Any CPU.Build.0 = Release|Any CPU
	EndGlobalSection
	GlobalSection(SolutionProperties) = preSolution
		HideSolutionNode = FALSE
	EndGlobalSection
	GlobalSection(ExtensibilityGlobals) = postSolution
		SolutionGuid = {23A39A49-07F9-4B1A-96F4-19FB90FA27EC}
	EndGlobalSection
EndGlobal
